{
  "name": "mineflayer-pathfinder-lite",
  "version": "1.0.1",
  "lockfileVersion": 2,
  "requires": true,
  "packages": {
    "": {
      "name": "mineflayer-pathfinder-lite",
      "version": "1.0.1",
      "license": "MIT",
      "dependencies": {
        "vec3": "^0.1.8"
      }
    },
    "node_modules/vec3": {
      "version": "0.1.8",
      "resolved": "https://registry.npmjs.org/vec3/-/vec3-0.1.8.tgz",
      "integrity": "sha512-LfKrP625Bsg/Tj52YdYPsHmpsJuo+tc6fLxZxXjEo9k2xSspKlPvoYTHehykKhp1FvV9nm+XU3Ehej5/9tpDCg=="
    }
  },
  "dependencies": {
    "vec3": {
      "version": "0.1.8",
      "resolved": "https://registry.npmjs.org/vec3/-/vec3-0.1.8.tgz",
      "integrity": "sha512-LfKrP625Bsg/Tj52YdYPsHmpsJuo+tc6fLxZxXjEo9k2xSspKlPvoYTHehykKhp1FvV9nm+XU3Ehej5/9tpDCg=="
    }
  }
}
